[[package]]
category = "main"
description = "Screen-scraping library"
name = "beautifulsoup4"
optional = false
python-versions = "*"
version = "4.9.1"

[package.dependencies]
soupsieve = [">1.2", "<2.0"]

[[package]]
category = "main"
description = "Dummy package for Beautiful Soup"
name = "bs4"
optional = false
python-versions = "*"
version = "0.0.1"

[package.dependencies]
beautifulsoup4 = "*"

[[package]]
category = "main"
description = "A modern CSS selector implementation for Beautiful Soup."
name = "soupsieve"
optional = false
python-versions = "*"
version = "1.9.6"

[metadata]
content-hash = "6c4a3eb94c3ca9685f4f42f55ae678df4cbe41026773efa9df668f7c155337b7"
python-versions = "^3.7"

[metadata.hashes]
beautifulsoup4 = ["73cc4d115b96f79c7d77c1c7f7a0a8d4c57860d1041df407dd1aae7f07a77fd7", "a6237df3c32ccfaee4fd201c8f5f9d9df619b93121d01353a64a73ce8c6ef9a8", "e718f2342e2e099b640a34ab782407b7b676f47ee272d6739e60b8ea23829f2c"]
bs4 = ["36ecea1fd7cc5c0c6e4a1ff075df26d50da647b75376626cc186e2212886dd3a"]
soupsieve = ["7985bacc98c34923a439967c1a602dc4f1e15f923b6fcf02344184f86cc7efaa", "feb1e937fa26a69e08436aad4a9037cd7e1d4c7212909502ba30701247ff8abd"]
